
Microsoft Visual Studio Solution File, Format Version 12.00
# Visual Studio Version 16
VisualStudioVersion = 16.0.35325.158
MinimumVisualStudioVersion = 10.0.40219.1
Project("{FAE04EC0-301F-11D3-BF4B-00C04F79EFBC}") = "DK_FitnessTracker.Android", "DK_FitnessTracker\DK_FitnessTracker.Android\DK_FitnessTracker.Android.csproj", "{E2D8B677-3D5C-4D6E-8B32-8E9871673220}"
EndProject
Project("{FAE04EC0-301F-11D3-BF4B-00C04F79EFBC}") = "DK_FitnessTracker.iOS", "DK_FitnessTracker\DK_FitnessTracker.iOS\DK_FitnessTracker.iOS.csproj", "{05061E73-9AFF-4201-82AB-56E884D1365E}"
EndProject
Project("{FAE04EC0-301F-11D3-BF4B-00C04F79EFBC}") = "DK_FitnessTracker", "DK_FitnessTracker\DK_FitnessTracker\DK_FitnessTracker.csproj", "{41F7C9A7-8CA8-4378-BEEC-92D9360FBB76}"
EndProject
Global
	GlobalSection(SolutionConfigurationPlatforms) = preSolution
		Debug|Any CPU = Debug|Any CPU
		Debug|iPhone = Debug|iPhone
		Debug|iPhoneSimulator = Debug|iPhoneSimulator
		Release|Any CPU = Release|Any CPU
		Release|iPhone = Release|iPhone
		Release|iPhoneSimulator = Release|iPhoneSimulator
	EndGlobalSection
	GlobalSection(ProjectConfigurationPlatforms) = postSolution
		{E2D8B677-3D5C-4D6E-8B32-8E9871673220}.Debug|Any CPU.ActiveCfg = Debug|Any CPU
		{E2D8B677-3D5C-4D6E-8B32-8E9871673220}.Debug|Any CPU.Build.0 = Debug|Any CPU
		{E2D8B677-3D5C-4D6E-8B32-8E9871673220}.Debug|Any CPU.Deploy.0 = Debug|Any CPU
		{E2D8B677-3D5C-4D6E-8B32-8E9871673220}.Debug|iPhone.ActiveCfg = Debug|Any CPU
		{E2D8B677-3D5C-4D6E-8B32-8E9871673220}.Debug|iPhone.Build.0 = Debug|Any CPU
		{E2D8B677-3D5C-4D6E-8B32-8E9871673220}.Debug|iPhone.Deploy.0 = Debug|Any CPU
		{E2D8B677-3D5C-4D6E-8B32-8E9871673220}.Debug|iPhoneSimulator.ActiveCfg = Debug|Any CPU
		{E2D8B677-3D5C-4D6E-8B32-8E9871673220}.Debug|iPhoneSimulator.Build.0 = Debug|Any CPU
		{E2D8B677-3D5C-4D6E-8B32-8E9871673220}.Debug|iPhoneSimulator.Deploy.0 = Debug|Any CPU
		{E2D8B677-3D5C-4D6E-8B32-8E9871673220}.Release|Any CPU.ActiveCfg = Release|Any CPU
		{E2D8B677-3D5C-4D6E-8B32-8E9871673220}.Release|Any CPU.Build.0 = Release|Any CPU
		{E2D8B677-3D5C-4D6E-8B32-8E9871673220}.Release|Any CPU.Deploy.0 = Release|Any CPU
		{E2D8B677-3D5C-4D6E-8B32-8E9871673220}.Release|iPhone.ActiveCfg = Release|Any CPU
		{E2D8B677-3D5C-4D6E-8B32-8E9871673220}.Release|iPhone.Build.0 = Release|Any CPU
		{E2D8B677-3D5C-4D6E-8B32-8E9871673220}.Release|iPhone.Deploy.0 = Release|Any CPU
		{E2D8B677-3D5C-4D6E-8B32-8E9871673220}.Release|iPhoneSimulator.ActiveCfg = Release|Any CPU
		{E2D8B677-3D5C-4D6E-8B32-8E9871673220}.Release|iPhoneSimulator.Build.0 = Release|Any CPU
		{E2D8B677-3D5C-4D6E-8B32-8E9871673220}.Release|iPhoneSimulator.Deploy.0 = Release|Any CPU
		{05061E73-9AFF-4201-82AB-56E884D1365E}.Debug|Any CPU.ActiveCfg = Debug|iPhone
		{05061E73-9AFF-4201-82AB-56E884D1365E}.Debug|Any CPU.Build.0 = Debug|iPhone
		{05061E73-9AFF-4201-82AB-56E884D1365E}.Debug|Any CPU.Deploy.0 = Debug|iPhone
		{05061E73-9AFF-4201-82AB-56E884D1365E}.Debug|iPhone.ActiveCfg = Debug|iPhone
		{05061E73-9AFF-4201-82AB-56E884D1365E}.Debug|iPhone.Build.0 = Debug|iPhone
		{05061E73-9AFF-4201-82AB-56E884D1365E}.Debug|iPhone.Deploy.0 = Debug|iPhone
		{05061E73-9AFF-4201-82AB-56E884D1365E}.Debug|iPhoneSimulator.ActiveCfg = Debug|iPhoneSimulator
		{05061E73-9AFF-4201-82AB-56E884D1365E}.Debug|iPhoneSimulator.Build.0 = Debug|iPhoneSimulator
		{05061E73-9AFF-4201-82AB-56E884D1365E}.Debug|iPhoneSimulator.Deploy.0 = Debug|iPhoneSimulator
		{05061E73-9AFF-4201-82AB-56E884D1365E}.Release|Any CPU.ActiveCfg = Release|iPhoneSimulator
		{05061E73-9AFF-4201-82AB-56E884D1365E}.Release|Any CPU.Build.0 = Release|iPhoneSimulator
		{05061E73-9AFF-4201-82AB-56E884D1365E}.Release|Any CPU.Deploy.0 = Release|iPhoneSimulator
		{05061E73-9AFF-4201-82AB-56E884D1365E}.Release|iPhone.ActiveCfg = Release|iPhone
		{05061E73-9AFF-4201-82AB-56E884D1365E}.Release|iPhone.Build.0 = Release|iPhone
		{05061E73-9AFF-4201-82AB-56E884D1365E}.Release|iPhone.Deploy.0 = Release|iPhone
		{05061E73-9AFF-4201-82AB-56E884D1365E}.Release|iPhoneSimulator.ActiveCfg = Release|iPhoneSimulator
		{05061E73-9AFF-4201-82AB-56E884D1365E}.Release|iPhoneSimulator.Build.0 = Release|iPhoneSimulator
		{05061E73-9AFF-4201-82AB-56E884D1365E}.Release|iPhoneSimulator.Deploy.0 = Release|iPhoneSimulator
		{41F7C9A7-8CA8-4378-BEEC-92D9360FBB76}.Debug|Any CPU.ActiveCfg = Debug|Any CPU
		{41F7C9A7-8CA8-4378-BEEC-92D9360FBB76}.Debug|Any CPU.Build.0 = Debug|Any CPU
		{41F7C9A7-8CA8-4378-BEEC-92D9360FBB76}.Debug|Any CPU.Deploy.0 = Debug|Any CPU
		{41F7C9A7-8CA8-4378-BEEC-92D9360FBB76}.Debug|iPhone.ActiveCfg = Debug|Any CPU
		{41F7C9A7-8CA8-4378-BEEC-92D9360FBB76}.Debug|iPhone.Build.0 = Debug|Any CPU
		{41F7C9A7-8CA8-4378-BEEC-92D9360FBB76}.Debug|iPhone.Deploy.0 = Debug|Any CPU
		{41F7C9A7-8CA8-4378-BEEC-92D9360FBB76}.Debug|iPhoneSimulator.ActiveCfg = Debug|Any CPU
		{41F7C9A7-8CA8-4378-BEEC-92D9360FBB76}.Debug|iPhoneSimulator.Build.0 = Debug|Any CPU
		{41F7C9A7-8CA8-4378-BEEC-92D9360FBB76}.Debug|iPhoneSimulator.Deploy.0 = Debug|Any CPU
		{41F7C9A7-8CA8-4378-BEEC-92D9360FBB76}.Release|Any CPU.ActiveCfg = Release|Any CPU
		{41F7C9A7-8CA8-4378-BEEC-92D9360FBB76}.Release|Any CPU.Build.0 = Release|Any CPU
		{41F7C9A7-8CA8-4378-BEEC-92D9360FBB76}.Release|Any CPU.Deploy.0 = Release|Any CPU
		{41F7C9A7-8CA8-4378-BEEC-92D9360FBB76}.Release|iPhone.ActiveCfg = Release|Any CPU
		{41F7C9A7-8CA8-4378-BEEC-92D9360FBB76}.Release|iPhone.Build.0 = Release|Any CPU
		{41F7C9A7-8CA8-4378-BEEC-92D9360FBB76}.Release|iPhone.Deploy.0 = Release|Any CPU
		{41F7C9A7-8CA8-4378-BEEC-92D9360FBB76}.Release|iPhoneSimulator.ActiveCfg = Release|Any CPU
		{41F7C9A7-8CA8-4378-BEEC-92D9360FBB76}.Release|iPhoneSimulator.Build.0 = Release|Any CPU
		{41F7C9A7-8CA8-4378-BEEC-92D9360FBB76}.Release|iPhoneSimulator.Deploy.0 = Release|Any CPU
	EndGlobalSection
	GlobalSection(SolutionProperties) = preSolution
		HideSolutionNode = FALSE
	EndGlobalSection
	GlobalSection(ExtensibilityGlobals) = postSolution
		SolutionGuid = {8EB4165C-C258-4D8E-A355-A19EC3C46C96}
	EndGlobalSection
EndGlobal
